
Microsoft Visual Studio Solution File, Format Version 12.00
# Visual Studio 2015
Project("{FAE04EC0-301F-11D3-BF4B-00C04F79EFBC}") = "GoogleCardboardTest.CSharp", "GoogleCardboardTest.CSharp.csproj", "{0311EA02-DBF0-3BBD-8589-CAB40C0A5A08}"
EndProject
Project("{FAE04EC0-301F-11D3-BF4B-00C04F79EFBC}") = "GoogleCardboardTest.CSharp.Editor", "GoogleCardboardTest.CSharp.Editor.csproj", "{8A0F6616-5C72-0ABE-F87E-42111BB7E704}"
EndProject
Global
	GlobalSection(SolutionConfigurationPlatforms) = preSolution
		Debug|Any CPU = Debug|Any CPU
		Release|Any CPU = Release|Any CPU
	EndGlobalSection
	GlobalSection(ProjectConfigurationPlatforms) = postSolution
		{0311EA02-DBF0-3BBD-8589-CAB40C0A5A08}.Debug|Any CPU.ActiveCfg = Debug|Any CPU
		{0311EA02-DBF0-3BBD-8589-CAB40C0A5A08}.Debug|Any CPU.Build.0 = Debug|Any CPU
		{0311EA02-DBF0-3BBD-8589-CAB40C0A5A08}.Release|Any CPU.ActiveCfg = Release|Any CPU
		{0311EA02-DBF0-3BBD-8589-CAB40C0A5A08}.Release|Any CPU.Build.0 = Release|Any CPU
		{8A0F6616-5C72-0ABE-F87E-42111BB7E704}.Debug|Any CPU.ActiveCfg = Debug|Any CPU
		{8A0F6616-5C72-0ABE-F87E-42111BB7E704}.Debug|Any CPU.Build.0 = Debug|Any CPU
		{8A0F6616-5C72-0ABE-F87E-42111BB7E704}.Release|Any CPU.ActiveCfg = Release|Any CPU
		{8A0F6616-5C72-0ABE-F87E-42111BB7E704}.Release|Any CPU.Build.0 = Release|Any CPU
	EndGlobalSection
	GlobalSection(SolutionProperties) = preSolution
		HideSolutionNode = FALSE
	EndGlobalSection
EndGlobal
